
Microsoft Visual Studio Solution File, Format Version 12.00
# Visual Studio 2017
Project("{FAE04EC0-301F-11D3-BF4B-00C04F79EFBC}") = "gamelevel", "gamelevel.csproj", "{A2F84ED2-3D35-908D-658C-B96B3A4AE67D}"
EndProject
Global
	GlobalSection(SolutionConfigurationPlatforms) = preSolution
		Debug|Any CPU = Debug|Any CPU
		Release|Any CPU = Release|Any CPU
	EndGlobalSection
	GlobalSection(ProjectConfigurationPlatforms) = postSolution
		{A2F84ED2-3D35-908D-658C-B96B3A4AE67D}.Debug|Any CPU.ActiveCfg = Debug|Any CPU
		{A2F84ED2-3D35-908D-658C-B96B3A4AE67D}.Debug|Any CPU.Build.0 = Debug|Any CPU
		{A2F84ED2-3D35-908D-658C-B96B3A4AE67D}.Release|Any CPU.ActiveCfg = Release|Any CPU
		{A2F84ED2-3D35-908D-658C-B96B3A4AE67D}.Release|Any CPU.Build.0 = Release|Any CPU
	EndGlobalSection
	GlobalSection(SolutionProperties) = preSolution
		HideSolutionNode = FALSE
	EndGlobalSection
EndGlobal
